Microsoft Visual Studio Solution File, Format Version 12.00
# Visual Studio Version 17
VisualStudioVersion = 17.10.35013.160
MinimumVisualStudioVersion = 10.0.40219.1
Project("{2150E333-8FDC-42A3-9474-1A3956D46DE8}") = "src", "src", "{AD8C8425-85A8-494F-B557-70EBC6AA4A09}"
EndProject
Project("{2150E333-8FDC-42A3-9474-1A3956D46DE8}") = "tests", "tests", "{92F4D420-F987-496C-8309-5CE9C8542A25}"
EndProject
Project("{2150E333-8FDC-42A3-9474-1A3956D46DE8}") = "lib", "lib", "{7A27F66E-3E60-4E4A-ADF5-7C42EADF496E}"
EndProject
Project("{9A19103F-16F7-4668-BE54-9A1E7A4F7556}") = "Game.Shared", "src\Game.Shared\Game.Shared.csproj", "{66E34A9F-CB06-41B6-A14F-76FCC80F4F2C}"
EndProject
Project("{9A19103F-16F7-4668-BE54-9A1E7A4F7556}") = "Game.Server", "src\Game.Server\Game.Server.csproj", "{23D15D7B-8A8A-450A-9E33-B190F079E484}"
EndProject
Project("{9A19103F-16F7-4668-BE54-9A1E7A4F7556}") = "Game.Client", "src\Game.Client\Game.Client.csproj", "{14C9628A-8DE9-407C-B3E2-D8B8B1B90A16}"
EndProject
Project("{9A19103F-16F7-4668-BE54-9A1E7A4F7556}") = "Engine.Core", "lib\hf-state-streaming\engine-dotnet\src\Engine.Core\Engine.Core.csproj", "{D36D055B-607A-4D46-AF0F-CBFA611EA1AB}"
EndProject
Project("{9A19103F-16F7-4668-BE54-9A1E7A4F7556}") = "Game.Shared.Tests", "tests\Game.Shared.Tests\Game.Shared.Tests.csproj", "{8D2707E9-74E0-4533-9FFD-2813C59B0296}"
EndProject
Project("{9A19103F-16F7-4668-BE54-9A1E7A4F7556}") = "Game.Server.Tests", "tests\Game.Server.Tests\Game.Server.Tests.csproj", "{514DAA52-20C0-4E1C-8909-BC9C1BB892C0}"
EndProject
Project("{9A19103F-16F7-4668-BE54-9A1E7A4F7556}") = "Game.Client.Tests", "tests\Game.Client.Tests\Game.Client.Tests.csproj", "{BFFDF225-3C48-4E3F-B48D-22EC35706E98}"
EndProject
Global
	GlobalSection(SolutionConfigurationPlatforms) = preSolution
		Debug|Any CPU = Debug|Any CPU
		Release|Any CPU = Release|Any CPU
	EndGlobalSection
	GlobalSection(ProjectConfigurationPlatforms) = postSolution
		{66E34A9F-CB06-41B6-A14F-76FCC80F4F2C}.Debug|Any CPU.ActiveCfg = Debug|Any CPU
		{66E34A9F-CB06-41B6-A14F-76FCC80F4F2C}.Debug|Any CPU.Build.0 = Debug|Any CPU
		{66E34A9F-CB06-41B6-A14F-76FCC80F4F2C}.Release|Any CPU.ActiveCfg = Release|Any CPU
		{66E34A9F-CB06-41B6-A14F-76FCC80F4F2C}.Release|Any CPU.Build.0 = Release|Any CPU
		{23D15D7B-8A8A-450A-9E33-B190F079E484}.Debug|Any CPU.ActiveCfg = Debug|Any CPU
		{23D15D7B-8A8A-450A-9E33-B190F079E484}.Debug|Any CPU.Build.0 = Debug|Any CPU
		{23D15D7B-8A8A-450A-9E33-B190F079E484}.Release|Any CPU.ActiveCfg = Release|Any CPU
		{23D15D7B-8A8A-450A-9E33-B190F079E484}.Release|Any CPU.Build.0 = Release|Any CPU
		{14C9628A-8DE9-407C-B3E2-D8B8B1B90A16}.Debug|Any CPU.ActiveCfg = Debug|Any CPU
		{14C9628A-8DE9-407C-B3E2-D8B8B1B90A16}.Debug|Any CPU.Build.0 = Debug|Any CPU
		{14C9628A-8DE9-407C-B3E2-D8B8B1B90A16}.Release|Any CPU.ActiveCfg = Release|Any CPU
		{14C9628A-8DE9-407C-B3E2-D8B8B1B90A16}.Release|Any CPU.Build.0 = Release|Any CPU
		{D36D055B-607A-4D46-AF0F-CBFA611EA1AB}.Debug|Any CPU.ActiveCfg = Debug|Any CPU
		{D36D055B-607A-4D46-AF0F-CBFA611EA1AB}.Debug|Any CPU.Build.0 = Debug|Any CPU
		{D36D055B-607A-4D46-AF0F-CBFA611EA1AB}.Release|Any CPU.ActiveCfg = Release|Any CPU
		{D36D055B-607A-4D46-AF0F-CBFA611EA1AB}.Release|Any CPU.Build.0 = Release|Any CPU
		{8D2707E9-74E0-4533-9FFD-2813C59B0296}.Debug|Any CPU.ActiveCfg = Debug|Any CPU
		{8D2707E9-74E0-4533-9FFD-2813C59B0296}.Debug|Any CPU.Build.0 = Debug|Any CPU
		{8D2707E9-74E0-4533-9FFD-2813C59B0296}.Release|Any CPU.ActiveCfg = Release|Any CPU
		{8D2707E9-74E0-4533-9FFD-2813C59B0296}.Release|Any CPU.Build.0 = Release|Any CPU
		{514DAA52-20C0-4E1C-8909-BC9C1BB892C0}.Debug|Any CPU.ActiveCfg = Debug|Any CPU
		{514DAA52-20C0-4E1C-8909-BC9C1BB892C0}.Debug|Any CPU.Build.0 = Debug|Any CPU
		{514DAA52-20C0-4E1C-8909-BC9C1BB892C0}.Release|Any CPU.ActiveCfg = Release|Any CPU
		{514DAA52-20C0-4E1C-8909-BC9C1BB892C0}.Release|Any CPU.Build.0 = Release|Any CPU
		{BFFDF225-3C48-4E3F-B48D-22EC35706E98}.Debug|Any CPU.ActiveCfg = Debug|Any CPU
		{BFFDF225-3C48-4E3F-B48D-22EC35706E98}.Debug|Any CPU.Build.0 = Debug|Any CPU
		{BFFDF225-3C48-4E3F-B48D-22EC35706E98}.Release|Any CPU.ActiveCfg = Release|Any CPU
		{BFFDF225-3C48-4E3F-B48D-22EC35706E98}.Release|Any CPU.Build.0 = Release|Any CPU
	EndGlobalSection
	GlobalSection(NestedProjects) = preSolution
		{66E34A9F-CB06-41B6-A14F-76FCC80F4F2C} = {AD8C8425-85A8-494F-B557-70EBC6AA4A09}
		{23D15D7B-8A8A-450A-9E33-B190F079E484} = {AD8C8425-85A8-494F-B557-70EBC6AA4A09}
		{14C9628A-8DE9-407C-B3E2-D8B8B1B90A16} = {AD8C8425-85A8-494F-B557-70EBC6AA4A09}
		{D36D055B-607A-4D46-AF0F-CBFA611EA1AB} = {7A27F66E-3E60-4E4A-ADF5-7C42EADF496E}
		{8D2707E9-74E0-4533-9FFD-2813C59B0296} = {92F4D420-F987-496C-8309-5CE9C8542A25}
		{514DAA52-20C0-4E1C-8909-BC9C1BB892C0} = {92F4D420-F987-496C-8309-5CE9C8542A25}
		{BFFDF225-3C48-4E3F-B48D-22EC35706E98} = {92F4D420-F987-496C-8309-5CE9C8542A25}
	EndGlobalSection
EndGlobal
